
Microsoft Visual Studio Solution File, Format Version 12.00
# Visual Studio Version 16
VisualStudioVersion = 16.0.29613.14
MinimumVisualStudioVersion = 10.0.40219.1
Project("{FAE04EC0-301F-11D3-BF4B-00C04F79EFBC}") = "StringCutter", "StringCutter\StringCutter.csproj", "{E4641749-A791-489B-918C-9DF9B163BE6D}"
EndProject
Project("{FAE04EC0-301F-11D3-BF4B-00C04F79EFBC}") = "StringCutterTest", "StringCutterTest\StringCutterTest.csproj", "{D92C1001-1AA9-469E-AE8F-BB97B9434A70}"
EndProject
Global
	GlobalSection(SolutionConfigurationPlatforms) = preSolution
		Debug|Any CPU = Debug|Any CPU
		Release|Any CPU = Release|Any CPU
	EndGlobalSection
	GlobalSection(ProjectConfigurationPlatforms) = postSolution
		{E4641749-A791-489B-918C-9DF9B163BE6D}.Debug|Any CPU.ActiveCfg = Debug|Any CPU
		{E4641749-A791-489B-918C-9DF9B163BE6D}.Debug|Any CPU.Build.0 = Debug|Any CPU
		{E4641749-A791-489B-918C-9DF9B163BE6D}.Release|Any CPU.ActiveCfg = Release|Any CPU
		{E4641749-A791-489B-918C-9DF9B163BE6D}.Release|Any CPU.Build.0 = Release|Any CPU
		{D92C1001-1AA9-469E-AE8F-BB97B9434A70}.Debug|Any CPU.ActiveCfg = Debug|Any CPU
		{D92C1001-1AA9-469E-AE8F-BB97B9434A70}.Debug|Any CPU.Build.0 = Debug|Any CPU
		{D92C1001-1AA9-469E-AE8F-BB97B9434A70}.Release|Any CPU.ActiveCfg = Release|Any CPU
		{D92C1001-1AA9-469E-AE8F-BB97B9434A70}.Release|Any CPU.Build.0 = Release|Any CPU
	EndGlobalSection
	GlobalSection(SolutionProperties) = preSolution
		HideSolutionNode = FALSE
	EndGlobalSection
	GlobalSection(ExtensibilityGlobals) = postSolution
		SolutionGuid = {1C8DE7BC-F152-405E-A977-13F7C429068D}
	EndGlobalSection
EndGlobal
